PODS:
  - BrightFutures (3.3.0):
    - Result (~> 1.0)
  - Result (1.0.2)
  - Spine (0.3):
    - BrightFutures (~> 3.3.0)
    - SwiftyJSON (~> 2.3.1)
  - SwiftyJSON (2.3.2)

DEPENDENCIES:
  - Spine (from `https://github.com/wvteijlingen/Spine.git`)

EXTERNAL SOURCES:
  Spine:
    :git: https://github.com/wvteijlingen/Spine.git

CHECKOUT OPTIONS:
  Spine:
    :commit: 07738e8e06c7a066c122cf1ebb33450154f14fd6
    :git: https://github.com/wvteijlingen/Spine.git

SPEC CHECKSUMS:
  BrightFutures: f4b491b3107487a0469973a74f81f334eb0ed60a
  Result: dd3dd71af3fa2e262f1a999e14fba2c25ec14f16
  Spine: 6ec4064905e0865ad13839897956cdd15924eb7f
  SwiftyJSON: 04ccea08915aa0109039157c7974cf0298da292a

COCOAPODS: 0.39.0
